Microsoft Visual Studio Solution File, Format Version 12.00
# Visual Studio Version 17
VisualStudioVersion = 17.0.31903.59
MinimumVisualStudioVersion = 10.0.40219.1
Project("{FAE04EC0-301F-11D3-BF4B-00C04F79EFBC}") = "Orbshacker", "src\Orbshacker\Orbshacker.csproj", "{2F825788-DBF8-4B82-B55E-AD81FBE65218}"
EndProject
Project("{FAE04EC0-301F-11D3-BF4B-00C04F79EFBC}") = "Orbshacker.Tests", "tests\Orbshacker.Tests\Orbshacker.Tests.csproj", "{125D55BC-873F-492D-9E8A-9B4C32617722}"
EndProject
Global
	GlobalSection(SolutionConfigurationPlatforms) = preSolution
		Debug|Any CPU = Debug|Any CPU
		Release|Any CPU = Release|Any CPU
	EndGlobalSection
	GlobalSection(ProjectConfigurationPlatforms) = postSolution
		{2F825788-DBF8-4B82-B55E-AD81FBE65218}.Debug|Any CPU.ActiveCfg = Debug|Any CPU
		{2F825788-DBF8-4B82-B55E-AD81FBE65218}.Debug|Any CPU.Build.0 = Debug|Any CPU
		{2F825788-DBF8-4B82-B55E-AD81FBE65218}.Release|Any CPU.ActiveCfg = Release|Any CPU
		{2F825788-DBF8-4B82-B55E-AD81FBE65218}.Release|Any CPU.Build.0 = Release|Any CPU
		{125D55BC-873F-492D-9E8A-9B4C32617722}.Debug|Any CPU.ActiveCfg = Debug|Any CPU
		{125D55BC-873F-492D-9E8A-9B4C32617722}.Debug|Any CPU.Build.0 = Debug|Any CPU
		{125D55BC-873F-492D-9E8A-9B4C32617722}.Release|Any CPU.ActiveCfg = Release|Any CPU
		{125D55BC-873F-492D-9E8A-9B4C32617722}.Release|Any CPU.Build.0 = Release|Any CPU
	EndGlobalSection
EndGlobal
